
Microsoft Visual Studio Solution File, Format Version 12.00
# Visual Studio 15
VisualStudioVersion = 15.0.26430.12
MinimumVisualStudioVersion = 10.0.40219.1
Project("{FAE04EC0-301F-11D3-BF4B-00C04F79EFBC}") = "XamCogApp.Android", "XamCogApp\XamCogApp.Android\XamCogApp.Android.csproj", "{0196FA78-C3E7-422C-BD5D-6DF2CF66CF04}"
EndProject
Project("{FAE04EC0-301F-11D3-BF4B-00C04F79EFBC}") = "XamCogApp", "XamCogApp\XamCogApp\XamCogApp.csproj", "{49B69653-66A8-48CE-8DDB-3A14743C8CD9}"
EndProject
Project("{FAE04EC0-301F-11D3-BF4B-00C04F79EFBC}") = "XamCogApp.UWP", "XamCogApp\XamCogApp.UWP\XamCogApp.UWP.csproj", "{BD7EEE59-2F33-47B7-B257-DE843AA3490B}"
EndProject
Project("{FAE04EC0-301F-11D3-BF4B-00C04F79EFBC}") = "XamCogApp.iOS", "XamCogApp\XamCogApp.iOS\XamCogApp.iOS.csproj", "{EA553CD7-A1AB-4B1B-AD44-8E152E25FF91}"
EndProject
Global
	GlobalSection(SolutionConfigurationPlatforms) = preSolution
		Ad-Hoc|Any CPU = Ad-Hoc|Any CPU
		Ad-Hoc|ARM = Ad-Hoc|ARM
		Ad-Hoc|iPhone = Ad-Hoc|iPhone
		Ad-Hoc|iPhoneSimulator = Ad-Hoc|iPhoneSimulator
		Ad-Hoc|x64 = Ad-Hoc|x64
		Ad-Hoc|x86 = Ad-Hoc|x86
		AppStore|Any CPU = AppStore|Any CPU
		AppStore|ARM = AppStore|ARM
		AppStore|iPhone = AppStore|iPhone
		AppStore|iPhoneSimulator = AppStore|iPhoneSimulator
		AppStore|x64 = AppStore|x64
		AppStore|x86 = AppStore|x86
		Debug|Any CPU = Debug|Any CPU
		Debug|ARM = Debug|ARM
		Debug|iPhone = Debug|iPhone
		Debug|iPhoneSimulator = Debug|iPhoneSimulator
		Debug|x64 = Debug|x64
		Debug|x86 = Debug|x86
		Release|Any CPU = Release|Any CPU
		Release|ARM = Release|ARM
		Release|iPhone = Release|iPhone
		Release|iPhoneSimulator = Release|iPhoneSimulator
		Release|x64 = Release|x64
		Release|x86 = Release|x86
	EndGlobalSection
	GlobalSection(ProjectConfigurationPlatforms) = postSolution
		{0196FA78-C3E7-422C-BD5D-6DF2CF66CF04}.Ad-Hoc|Any CPU.ActiveCfg = Release|Any CPU
		{0196FA78-C3E7-422C-BD5D-6DF2CF66CF04}.Ad-Hoc|Any CPU.Build.0 = Release|Any CPU
		{0196FA78-C3E7-422C-BD5D-6DF2CF66CF04}.Ad-Hoc|Any CPU.Deploy.0 = Release|Any CPU
		{0196FA78-C3E7-422C-BD5D-6DF2CF66CF04}.Ad-Hoc|ARM.ActiveCfg = Release|Any CPU
		{0196FA78-C3E7-422C-BD5D-6DF2CF66CF04}.Ad-Hoc|ARM.Build.0 = Release|Any CPU
		{0196FA78-C3E7-422C-BD5D-6DF2CF66CF04}.Ad-Hoc|ARM.Deploy.0 = Release|Any CPU
		{0196FA78-C3E7-422C-BD5D-6DF2CF66CF04}.Ad-Hoc|iPhone.ActiveCfg = Release|Any CPU
		{0196FA78-C3E7-422C-BD5D-6DF2CF66CF04}.Ad-Hoc|iPhone.Build.0 = Release|Any CPU
		{0196FA78-C3E7-422C-BD5D-6DF2CF66CF04}.Ad-Hoc|iPhone.Deploy.0 = Release|Any CPU
		{0196FA78-C3E7-422C-BD5D-6DF2CF66CF04}.Ad-Hoc|iPhoneSimulator.ActiveCfg = Release|Any CPU
		{0196FA78-C3E7-422C-BD5D-6DF2CF66CF04}.Ad-Hoc|iPhoneSimulator.Build.0 = Release|Any CPU
		{0196FA78-C3E7-422C-BD5D-6DF2CF66CF04}.Ad-Hoc|iPhoneSimulator.Deploy.0 = Release|Any CPU
		{0196FA78-C3E7-422C-BD5D-6DF2CF66CF04}.Ad-Hoc|x64.ActiveCfg = Release|Any CPU
		{0196FA78-C3E7-422C-BD5D-6DF2CF66CF04}.Ad-Hoc|x64.Build.0 = Release|Any CPU
		{0196FA78-C3E7-422C-BD5D-6DF2CF66CF04}.Ad-Hoc|x64.Deploy.0 = Release|Any CPU
		{0196FA78-C3E7-422C-BD5D-6DF2CF66CF04}.Ad-Hoc|x86.ActiveCfg = Release|Any CPU
		{0196FA78-C3E7-422C-BD5D-6DF2CF66CF04}.Ad-Hoc|x86.Build.0 = Release|Any CPU
		{0196FA78-C3E7-422C-BD5D-6DF2CF66CF04}.Ad-Hoc|x86.Deploy.0 = Release|Any CPU
		{0196FA78-C3E7-422C-BD5D-6DF2CF66CF04}.AppStore|Any CPU.ActiveCfg = Release|Any CPU
		{0196FA78-C3E7-422C-BD5D-6DF2CF66CF04}.AppStore|Any CPU.Build.0 = Release|Any CPU
		{0196FA78-C3E7-422C-BD5D-6DF2CF66CF04}.AppStore|Any CPU.Deploy.0 = Release|Any CPU
		{0196FA78-C3E7-422C-BD5D-6DF2CF66CF04}.AppStore|ARM.ActiveCfg = Release|Any CPU
		{0196FA78-C3E7-422C-BD5D-6DF2CF66CF04}.AppStore|ARM.Build.0 = Release|Any CPU
		{0196FA78-C3E7-422C-BD5D-6DF2CF66CF04}.AppStore|ARM.Deploy.0 = Release|Any CPU
		{0196FA78-C3E7-422C-BD5D-6DF2CF66CF04}.AppStore|iPhone.ActiveCfg = Release|Any CPU
		{0196FA78-C3E7-422C-BD5D-6DF2CF66CF04}.AppStore|iPhone.Build.0 = Release|Any CPU
		{0196FA78-C3E7-422C-BD5D-6DF2CF66CF04}.AppStore|iPhone.Deploy.0 = Release|Any CPU
		{0196FA78-C3E7-422C-BD5D-6DF2CF66CF04}.AppStore|iPhoneSimulator.ActiveCfg = Release|Any CPU
		{0196FA78-C3E7-422C-BD5D-6DF2CF66CF04}.AppStore|iPhoneSimulator.Build.0 = Release|Any CPU
		{0196FA78-C3E7-422C-BD5D-6DF2CF66CF04}.AppStore|iPhoneSimulator.Deploy.0 = Release|Any CPU
		{0196FA78-C3E7-422C-BD5D-6DF2CF66CF04}.AppStore|x64.ActiveCfg = Release|Any CPU
		{0196FA78-C3E7-422C-BD5D-6DF2CF66CF04}.AppStore|x64.Build.0 = Release|Any CPU
		{0196FA78-C3E7-422C-BD5D-6DF2CF66CF04}.AppStore|x64.Deploy.0 = Release|Any CPU
		{0196FA78-C3E7-422C-BD5D-6DF2CF66CF04}.AppStore|x86.ActiveCfg = Release|Any CPU
		{0196FA78-C3E7-422C-BD5D-6DF2CF66CF04}.AppStore|x86.Build.0 = Release|Any CPU
		{0196FA78-C3E7-422C-BD5D-6DF2CF66CF04}.AppStore|x86.Deploy.0 = Release|Any CPU
		{0196FA78-C3E7-422C-BD5D-6DF2CF66CF04}.Debug|Any CPU.ActiveCfg = Debug|Any CPU
		{0196FA78-C3E7-422C-BD5D-6DF2CF66CF04}.Debug|Any CPU.Build.0 = Debug|Any CPU
		{0196FA78-C3E7-422C-BD5D-6DF2CF66CF04}.Debug|Any CPU.Deploy.0 = Debug|Any CPU
		{0196FA78-C3E7-422C-BD5D-6DF2CF66CF04}.Debug|ARM.ActiveCfg = Debug|Any CPU
		{0196FA78-C3E7-422C-BD5D-6DF2CF66CF04}.Debug|ARM.Build.0 = Debug|Any CPU
		{0196FA78-C3E7-422C-BD5D-6DF2CF66CF04}.Debug|ARM.Deploy.0 = Debug|Any CPU
		{0196FA78-C3E7-422C-BD5D-6DF2CF66CF04}.Debug|iPhone.ActiveCfg = Debug|Any CPU
		{0196FA78-C3E7-422C-BD5D-6DF2CF66CF04}.Debug|iPhone.Build.0 = Debug|Any CPU
		{0196FA78-C3E7-422C-BD5D-6DF2CF66CF04}.Debug|iPhone.Deploy.0 = Debug|Any CPU
		{0196FA78-C3E7-422C-BD5D-6DF2CF66CF04}.Debug|iPhoneSimulator.ActiveCfg = Debug|Any CPU
		{0196FA78-C3E7-422C-BD5D-6DF2CF66CF04}.Debug|iPhoneSimulator.Build.0 = Debug|Any CPU
		{0196FA78-C3E7-422C-BD5D-6DF2CF66CF04}.Debug|iPhoneSimulator.Deploy.0 = Debug|Any CPU
		{0196FA78-C3E7-422C-BD5D-6DF2CF66CF04}.Debug|x64.ActiveCfg = Debug|Any CPU
		{0196FA78-C3E7-422C-BD5D-6DF2CF66CF04}.Debug|x64.Build.0 = Debug|Any CPU
		{0196FA78-C3E7-422C-BD5D-6DF2CF66CF04}.Debug|x64.Deploy.0 = Debug|Any CPU
		{0196FA78-C3E7-422C-BD5D-6DF2CF66CF04}.Debug|x86.ActiveCfg = Debug|Any CPU
		{0196FA78-C3E7-422C-BD5D-6DF2CF66CF04}.Debug|x86.Build.0 = Debug|Any CPU
		{0196FA78-C3E7-422C-BD5D-6DF2CF66CF04}.Debug|x86.Deploy.0 = Debug|Any CPU
		{0196FA78-C3E7-422C-BD5D-6DF2CF66CF04}.Release|Any CPU.ActiveCfg = Release|Any CPU
		{0196FA78-C3E7-422C-BD5D-6DF2CF66CF04}.Release|Any CPU.Build.0 = Release|Any CPU
		{0196FA78-C3E7-422C-BD5D-6DF2CF66CF04}.Release|Any CPU.Deploy.0 = Release|Any CPU
		{0196FA78-C3E7-422C-BD5D-6DF2CF66CF04}.Release|ARM.ActiveCfg = Release|Any CPU
		{0196FA78-C3E7-422C-BD5D-6DF2CF66CF04}.Release|ARM.Build.0 = Release|Any CPU
		{0196FA78-C3E7-422C-BD5D-6DF2CF66CF04}.Release|ARM.Deploy.0 = Release|Any CPU
		{0196FA78-C3E7-422C-BD5D-6DF2CF66CF04}.Release|iPhone.ActiveCfg = Release|Any CPU
		{0196FA78-C3E7-422C-BD5D-6DF2CF66CF04}.Release|iPhone.Build.0 = Release|Any CPU
		{0196FA78-C3E7-422C-BD5D-6DF2CF66CF04}.Release|iPhone.Deploy.0 = Release|Any CPU
		{0196FA78-C3E7-422C-BD5D-6DF2CF66CF04}.Release|iPhoneSimulator.ActiveCfg = Release|Any CPU
		{0196FA78-C3E7-422C-BD5D-6DF2CF66CF04}.Release|iPhoneSimulator.Build.0 = Release|Any CPU
		{0196FA78-C3E7-422C-BD5D-6DF2CF66CF04}.Release|iPhoneSimulator.Deploy.0 = Release|Any CPU
		{0196FA78-C3E7-422C-BD5D-6DF2CF66CF04}.Release|x64.ActiveCfg = Release|Any CPU
		{0196FA78-C3E7-422C-BD5D-6DF2CF66CF04}.Release|x64.Build.0 = Release|Any CPU
		{0196FA78-C3E7-422C-BD5D-6DF2CF66CF04}.Release|x64.Deploy.0 = Release|Any CPU
		{0196FA78-C3E7-422C-BD5D-6DF2CF66CF04}.Release|x86.ActiveCfg = Release|Any CPU
		{0196FA78-C3E7-422C-BD5D-6DF2CF66CF04}.Release|x86.Build.0 = Release|Any CPU
		{0196FA78-C3E7-422C-BD5D-6DF2CF66CF04}.Release|x86.Deploy.0 = Release|Any CPU
		{49B69653-66A8-48CE-8DDB-3A14743C8CD9}.Ad-Hoc|Any CPU.ActiveCfg = Release|Any CPU
		{49B69653-66A8-48CE-8DDB-3A14743C8CD9}.Ad-Hoc|Any CPU.Build.0 = Release|Any CPU
		{49B69653-66A8-48CE-8DDB-3A14743C8CD9}.Ad-Hoc|ARM.ActiveCfg = Release|Any CPU
		{49B69653-66A8-48CE-8DDB-3A14743C8CD9}.Ad-Hoc|ARM.Build.0 = Release|Any CPU
		{49B69653-66A8-48CE-8DDB-3A14743C8CD9}.Ad-Hoc|iPhone.ActiveCfg = Release|Any CPU
		{49B69653-66A8-48CE-8DDB-3A14743C8CD9}.Ad-Hoc|iPhone.Build.0 = Release|Any CPU
		{49B69653-66A8-48CE-8DDB-3A14743C8CD9}.Ad-Hoc|iPhoneSimulator.ActiveCfg = Release|Any CPU
		{49B69653-66A8-48CE-8DDB-3A14743C8CD9}.Ad-Hoc|iPhoneSimulator.Build.0 = Release|Any CPU
		{49B69653-66A8-48CE-8DDB-3A14743C8CD9}.Ad-Hoc|x64.ActiveCfg = Release|Any CPU
		{49B69653-66A8-48CE-8DDB-3A14743C8CD9}.Ad-Hoc|x64.Build.0 = Release|Any CPU
		{49B69653-66A8-48CE-8DDB-3A14743C8CD9}.Ad-Hoc|x86.ActiveCfg = Release|Any CPU
		{49B69653-66A8-48CE-8DDB-3A14743C8CD9}.Ad-Hoc|x86.Build.0 = Release|Any CPU
		{49B69653-66A8-48CE-8DDB-3A14743C8CD9}.AppStore|Any CPU.ActiveCfg = Release|Any CPU
		{49B69653-66A8-48CE-8DDB-3A14743C8CD9}.AppStore|Any CPU.Build.0 = Release|Any CPU
		{49B69653-66A8-48CE-8DDB-3A14743C8CD9}.AppStore|ARM.ActiveCfg = Release|Any CPU
		{49B69653-66A8-48CE-8DDB-3A14743C8CD9}.AppStore|ARM.Build.0 = Release|Any CPU
		{49B69653-66A8-48CE-8DDB-3A14743C8CD9}.AppStore|iPhone.ActiveCfg = Release|Any CPU
		{49B69653-66A8-48CE-8DDB-3A14743C8CD9}.AppStore|iPhone.Build.0 = Release|Any CPU
		{49B69653-66A8-48CE-8DDB-3A14743C8CD9}.AppStore|iPhoneSimulator.ActiveCfg = Release|Any CPU
		{49B69653-66A8-48CE-8DDB-3A14743C8CD9}.AppStore|iPhoneSimulator.Build.0 = Release|Any CPU
		{49B69653-66A8-48CE-8DDB-3A14743C8CD9}.AppStore|x64.ActiveCfg = Release|Any CPU
		{49B69653-66A8-48CE-8DDB-3A14743C8CD9}.AppStore|x64.Build.0 = Release|Any CPU
		{49B69653-66A8-48CE-8DDB-3A14743C8CD9}.AppStore|x86.ActiveCfg = Release|Any CPU
		{49B69653-66A8-48CE-8DDB-3A14743C8CD9}.AppStore|x86.Build.0 = Release|Any CPU
		{49B69653-66A8-48CE-8DDB-3A14743C8CD9}.Debug|Any CPU.ActiveCfg = Debug|Any CPU
		{49B69653-66A8-48CE-8DDB-3A14743C8CD9}.Debug|Any CPU.Build.0 = Debug|Any CPU
		{49B69653-66A8-48CE-8DDB-3A14743C8CD9}.Debug|ARM.ActiveCfg = Debug|Any CPU
		{49B69653-66A8-48CE-8DDB-3A14743C8CD9}.Debug|ARM.Build.0 = Debug|Any CPU
		{49B69653-66A8-48CE-8DDB-3A14743C8CD9}.Debug|iPhone.ActiveCfg = Debug|Any CPU
		{49B69653-66A8-48CE-8DDB-3A14743C8CD9}.Debug|iPhone.Build.0 = Debug|Any CPU
		{49B69653-66A8-48CE-8DDB-3A14743C8CD9}.Debug|iPhoneSimulator.ActiveCfg = Debug|Any CPU
		{49B69653-66A8-48CE-8DDB-3A14743C8CD9}.Debug|iPhoneSimulator.Build.0 = Debug|Any CPU
		{49B69653-66A8-48CE-8DDB-3A14743C8CD9}.Debug|x64.ActiveCfg = Debug|Any CPU
		{49B69653-66A8-48CE-8DDB-3A14743C8CD9}.Debug|x64.Build.0 = Debug|Any CPU
		{49B69653-66A8-48CE-8DDB-3A14743C8CD9}.Debug|x86.ActiveCfg = Debug|Any CPU
		{49B69653-66A8-48CE-8DDB-3A14743C8CD9}.Debug|x86.Build.0 = Debug|Any CPU
		{49B69653-66A8-48CE-8DDB-3A14743C8CD9}.Release|Any CPU.ActiveCfg = Release|Any CPU
		{49B69653-66A8-48CE-8DDB-3A14743C8CD9}.Release|Any CPU.Build.0 = Release|Any CPU
		{49B69653-66A8-48CE-8DDB-3A14743C8CD9}.Release|ARM.ActiveCfg = Release|Any CPU
		{49B69653-66A8-48CE-8DDB-3A14743C8CD9}.Release|ARM.Build.0 = Release|Any CPU
		{49B69653-66A8-48CE-8DDB-3A14743C8CD9}.Release|iPhone.ActiveCfg = Release|Any CPU
		{49B69653-66A8-48CE-8DDB-3A14743C8CD9}.Release|iPhone.Build.0 = Release|Any CPU
		{49B69653-66A8-48CE-8DDB-3A14743C8CD9}.Release|iPhoneSimulator.ActiveCfg = Release|Any CPU
		{49B69653-66A8-48CE-8DDB-3A14743C8CD9}.Release|iPhoneSimulator.Build.0 = Release|Any CPU
		{49B69653-66A8-48CE-8DDB-3A14743C8CD9}.Release|x64.ActiveCfg = Release|Any CPU
		{49B69653-66A8-48CE-8DDB-3A14743C8CD9}.Release|x64.Build.0 = Release|Any CPU
		{49B69653-66A8-48CE-8DDB-3A14743C8CD9}.Release|x86.ActiveCfg = Release|Any CPU
		{49B69653-66A8-48CE-8DDB-3A14743C8CD9}.Release|x86.Build.0 = Release|Any CPU
		{BD7EEE59-2F33-47B7-B257-DE843AA3490B}.Ad-Hoc|Any CPU.ActiveCfg = Release|x86
		{BD7EEE59-2F33-47B7-B257-DE843AA3490B}.Ad-Hoc|Any CPU.Build.0 = Release|x86
		{BD7EEE59-2F33-47B7-B257-DE843AA3490B}.Ad-Hoc|Any CPU.Deploy.0 = Release|x86
		{BD7EEE59-2F33-47B7-B257-DE843AA3490B}.Ad-Hoc|ARM.ActiveCfg = Release|ARM
		{BD7EEE59-2F33-47B7-B257-DE843AA3490B}.Ad-Hoc|ARM.Build.0 = Release|ARM
		{BD7EEE59-2F33-47B7-B257-DE843AA3490B}.Ad-Hoc|ARM.Deploy.0 = Release|ARM
		{BD7EEE59-2F33-47B7-B257-DE843AA3490B}.Ad-Hoc|iPhone.ActiveCfg = Release|x86
		{BD7EEE59-2F33-47B7-B257-DE843AA3490B}.Ad-Hoc|iPhone.Build.0 = Release|x86
		{BD7EEE59-2F33-47B7-B257-DE843AA3490B}.Ad-Hoc|iPhone.Deploy.0 = Release|x86
		{BD7EEE59-2F33-47B7-B257-DE843AA3490B}.Ad-Hoc|iPhoneSimulator.ActiveCfg = Release|x86
		{BD7EEE59-2F33-47B7-B257-DE843AA3490B}.Ad-Hoc|iPhoneSimulator.Build.0 = Release|x86
		{BD7EEE59-2F33-47B7-B257-DE843AA3490B}.Ad-Hoc|iPhoneSimulator.Deploy.0 = Release|x86
		{BD7EEE59-2F33-47B7-B257-DE843AA3490B}.Ad-Hoc|x64.ActiveCfg = Release|x64
		{BD7EEE59-2F33-47B7-B257-DE843AA3490B}.Ad-Hoc|x64.Build.0 = Release|x64
		{BD7EEE59-2F33-47B7-B257-DE843AA3490B}.Ad-Hoc|x64.Deploy.0 = Release|x64
		{BD7EEE59-2F33-47B7-B257-DE843AA3490B}.Ad-Hoc|x86.ActiveCfg = Release|x86
		{BD7EEE59-2F33-47B7-B257-DE843AA3490B}.Ad-Hoc|x86.Build.0 = Release|x86
		{BD7EEE59-2F33-47B7-B257-DE843AA3490B}.Ad-Hoc|x86.Deploy.0 = Release|x86
		{BD7EEE59-2F33-47B7-B257-DE843AA3490B}.AppStore|Any CPU.ActiveCfg = Release|x86
		{BD7EEE59-2F33-47B7-B257-DE843AA3490B}.AppStore|Any CPU.Build.0 = Release|x86
		{BD7EEE59-2F33-47B7-B257-DE843AA3490B}.AppStore|Any CPU.Deploy.0 = Release|x86
		{BD7EEE59-2F33-47B7-B257-DE843AA3490B}.AppStore|ARM.ActiveCfg = Release|ARM
		{BD7EEE59-2F33-47B7-B257-DE843AA3490B}.AppStore|ARM.Build.0 = Release|ARM
		{BD7EEE59-2F33-47B7-B257-DE843AA3490B}.AppStore|ARM.Deploy.0 = Release|ARM
		{BD7EEE59-2F33-47B7-B257-DE843AA3490B}.AppStore|iPhone.ActiveCfg = Release|x86
		{BD7EEE59-2F33-47B7-B257-DE843AA3490B}.AppStore|iPhone.Build.0 = Release|x86
		{BD7EEE59-2F33-47B7-B257-DE843AA3490B}.AppStore|iPhone.Deploy.0 = Release|x86
		{BD7EEE59-2F33-47B7-B257-DE843AA3490B}.AppStore|iPhoneSimulator.ActiveCfg = Release|x86
		{BD7EEE59-2F33-47B7-B257-DE843AA3490B}.AppStore|iPhoneSimulator.Build.0 = Release|x86
		{BD7EEE59-2F33-47B7-B257-DE843AA3490B}.AppStore|iPhoneSimulator.Deploy.0 = Release|x86
		{BD7EEE59-2F33-47B7-B257-DE843AA3490B}.AppStore|x64.ActiveCfg = Release|x64
		{BD7EEE59-2F33-47B7-B257-DE843AA3490B}.AppStore|x64.Build.0 = Release|x64
		{BD7EEE59-2F33-47B7-B257-DE843AA3490B}.AppStore|x64.Deploy.0 = Release|x64
		{BD7EEE59-2F33-47B7-B257-DE843AA3490B}.AppStore|x86.ActiveCfg = Release|x86
		{BD7EEE59-2F33-47B7-B257-DE843AA3490B}.AppStore|x86.Build.0 = Release|x86
		{BD7EEE59-2F33-47B7-B257-DE843AA3490B}.AppStore|x86.Deploy.0 = Release|x86
		{BD7EEE59-2F33-47B7-B257-DE843AA3490B}.Debug|Any CPU.ActiveCfg = Debug|x86
		{BD7EEE59-2F33-47B7-B257-DE843AA3490B}.Debug|ARM.ActiveCfg = Debug|ARM
		{BD7EEE59-2F33-47B7-B257-DE843AA3490B}.Debug|ARM.Build.0 = Debug|ARM
		{BD7EEE59-2F33-47B7-B257-DE843AA3490B}.Debug|ARM.Deploy.0 = Debug|ARM
		{BD7EEE59-2F33-47B7-B257-DE843AA3490B}.Debug|iPhone.ActiveCfg = Debug|x86
		{BD7EEE59-2F33-47B7-B257-DE843AA3490B}.Debug|iPhoneSimulator.ActiveCfg = Debug|x86
		{BD7EEE59-2F33-47B7-B257-DE843AA3490B}.Debug|x64.ActiveCfg = Debug|x64
		{BD7EEE59-2F33-47B7-B257-DE843AA3490B}.Debug|x64.Build.0 = Debug|x64
		{BD7EEE59-2F33-47B7-B257-DE843AA3490B}.Debug|x64.Deploy.0 = Debug|x64
		{BD7EEE59-2F33-47B7-B257-DE843AA3490B}.Debug|x86.ActiveCfg = Debug|x86
		{BD7EEE59-2F33-47B7-B257-DE843AA3490B}.Debug|x86.Build.0 = Debug|x86
		{BD7EEE59-2F33-47B7-B257-DE843AA3490B}.Debug|x86.Deploy.0 = Debug|x86
		{BD7EEE59-2F33-47B7-B257-DE843AA3490B}.Release|Any CPU.ActiveCfg = Release|x86
		{BD7EEE59-2F33-47B7-B257-DE843AA3490B}.Release|ARM.ActiveCfg = Release|ARM
		{BD7EEE59-2F33-47B7-B257-DE843AA3490B}.Release|ARM.Build.0 = Release|ARM
		{BD7EEE59-2F33-47B7-B257-DE843AA3490B}.Release|ARM.Deploy.0 = Release|ARM
		{BD7EEE59-2F33-47B7-B257-DE843AA3490B}.Release|iPhone.ActiveCfg = Release|x86
		{BD7EEE59-2F33-47B7-B257-DE843AA3490B}.Release|iPhoneSimulator.ActiveCfg = Release|x86
		{BD7EEE59-2F33-47B7-B257-DE843AA3490B}.Release|x64.ActiveCfg = Release|x64
		{BD7EEE59-2F33-47B7-B257-DE843AA3490B}.Release|x64.Build.0 = Release|x64
		{BD7EEE59-2F33-47B7-B257-DE843AA3490B}.Release|x64.Deploy.0 = Release|x64
		{BD7EEE59-2F33-47B7-B257-DE843AA3490B}.Release|x86.ActiveCfg = Release|x86
		{BD7EEE59-2F33-47B7-B257-DE843AA3490B}.Release|x86.Build.0 = Release|x86
		{BD7EEE59-2F33-47B7-B257-DE843AA3490B}.Release|x86.Deploy.0 = Release|x86
		{EA553CD7-A1AB-4B1B-AD44-8E152E25FF91}.Ad-Hoc|Any CPU.ActiveCfg = Ad-Hoc|iPhone
		{EA553CD7-A1AB-4B1B-AD44-8E152E25FF91}.Ad-Hoc|ARM.ActiveCfg = Ad-Hoc|iPhone
		{EA553CD7-A1AB-4B1B-AD44-8E152E25FF91}.Ad-Hoc|iPhone.ActiveCfg = Ad-Hoc|iPhone
		{EA553CD7-A1AB-4B1B-AD44-8E152E25FF91}.Ad-Hoc|iPhone.Build.0 = Ad-Hoc|iPhone
		{EA553CD7-A1AB-4B1B-AD44-8E152E25FF91}.Ad-Hoc|iPhoneSimulator.ActiveCfg = Ad-Hoc|iPhoneSimulator
		{EA553CD7-A1AB-4B1B-AD44-8E152E25FF91}.Ad-Hoc|iPhoneSimulator.Build.0 = Ad-Hoc|iPhoneSimulator
		{EA553CD7-A1AB-4B1B-AD44-8E152E25FF91}.Ad-Hoc|x64.ActiveCfg = Ad-Hoc|iPhone
		{EA553CD7-A1AB-4B1B-AD44-8E152E25FF91}.Ad-Hoc|x86.ActiveCfg = Ad-Hoc|iPhone
		{EA553CD7-A1AB-4B1B-AD44-8E152E25FF91}.AppStore|Any CPU.ActiveCfg = AppStore|iPhone
		{EA553CD7-A1AB-4B1B-AD44-8E152E25FF91}.AppStore|ARM.ActiveCfg = AppStore|iPhone
		{EA553CD7-A1AB-4B1B-AD44-8E152E25FF91}.AppStore|iPhone.ActiveCfg = AppStore|iPhone
		{EA553CD7-A1AB-4B1B-AD44-8E152E25FF91}.AppStore|iPhone.Build.0 = AppStore|iPhone
		{EA553CD7-A1AB-4B1B-AD44-8E152E25FF91}.AppStore|iPhoneSimulator.ActiveCfg = AppStore|iPhoneSimulator
		{EA553CD7-A1AB-4B1B-AD44-8E152E25FF91}.AppStore|iPhoneSimulator.Build.0 = AppStore|iPhoneSimulator
		{EA553CD7-A1AB-4B1B-AD44-8E152E25FF91}.AppStore|x64.ActiveCfg = AppStore|iPhone
		{EA553CD7-A1AB-4B1B-AD44-8E152E25FF91}.AppStore|x86.ActiveCfg = AppStore|iPhone
		{EA553CD7-A1AB-4B1B-AD44-8E152E25FF91}.Debug|Any CPU.ActiveCfg = Debug|iPhone
		{EA553CD7-A1AB-4B1B-AD44-8E152E25FF91}.Debug|ARM.ActiveCfg = Debug|iPhone
		{EA553CD7-A1AB-4B1B-AD44-8E152E25FF91}.Debug|iPhone.ActiveCfg = Debug|iPhone
		{EA553CD7-A1AB-4B1B-AD44-8E152E25FF91}.Debug|iPhone.Build.0 = Debug|iPhone
		{EA553CD7-A1AB-4B1B-AD44-8E152E25FF91}.Debug|iPhoneSimulator.ActiveCfg = Debug|iPhoneSimulator
		{EA553CD7-A1AB-4B1B-AD44-8E152E25FF91}.Debug|iPhoneSimulator.Build.0 = Debug|iPhoneSimulator
		{EA553CD7-A1AB-4B1B-AD44-8E152E25FF91}.Debug|x64.ActiveCfg = Debug|iPhone
		{EA553CD7-A1AB-4B1B-AD44-8E152E25FF91}.Debug|x86.ActiveCfg = Debug|iPhone
		{EA553CD7-A1AB-4B1B-AD44-8E152E25FF91}.Release|Any CPU.ActiveCfg = Release|iPhone
		{EA553CD7-A1AB-4B1B-AD44-8E152E25FF91}.Release|ARM.ActiveCfg = Release|iPhone
		{EA553CD7-A1AB-4B1B-AD44-8E152E25FF91}.Release|iPhone.ActiveCfg = Release|iPhone
		{EA553CD7-A1AB-4B1B-AD44-8E152E25FF91}.Release|iPhone.Build.0 = Release|iPhone
		{EA553CD7-A1AB-4B1B-AD44-8E152E25FF91}.Release|iPhoneSimulator.ActiveCfg = Release|iPhoneSimulator
		{EA553CD7-A1AB-4B1B-AD44-8E152E25FF91}.Release|iPhoneSimulator.Build.0 = Release|iPhoneSimulator
		{EA553CD7-A1AB-4B1B-AD44-8E152E25FF91}.Release|x64.ActiveCfg = Release|iPhone
		{EA553CD7-A1AB-4B1B-AD44-8E152E25FF91}.Release|x86.ActiveCfg = Release|iPhone
	EndGlobalSection
	GlobalSection(SolutionProperties) = preSolution
		HideSolutionNode = FALSE
	EndGlobalSection
EndGlobal
